
Microsoft Visual Studio Solution File, Format Version 12.00
# Visual Studio 2013
VisualStudioVersion = 12.0.30501.0
MinimumVisualStudioVersion = 10.0.40219.1
Project("{2150E333-8FDC-42A3-9474-1A3956D46DE8}") = "MvvmCrossUniversalTest", "MvvmCrossUniversalTest", "{0FC4F974-EFB4-4A13-B9CD-37F646B54480}"
EndProject
Project("{D954291E-2A0B-460D-934E-DC6B0785DB48}") = "MvvmCrossUniversalTest.Shared", "MvvmCrossUniversalTest\MvvmCrossUniversalTest.Shared\MvvmCrossUniversalTest.Shared.shproj", "{257BEB68-E4A3-4A79-B8DA-7D0C21C0D710}"
EndProject
Project("{FAE04EC0-301F-11D3-BF4B-00C04F79EFBC}") = "MvvmCrossUniversalTest.Windows", "MvvmCrossUniversalTest\MvvmCrossUniversalTest.Windows\MvvmCrossUniversalTest.Windows.csproj", "{577A1CB6-9F47-4EFC-84E7-F8F3DA2009F8}"
EndProject
Project("{FAE04EC0-301F-11D3-BF4B-00C04F79EFBC}") = "MvvmCrossUniversalTest.WindowsPhone", "MvvmCrossUniversalTest\MvvmCrossUniversalTest.WindowsPhone\MvvmCrossUniversalTest.WindowsPhone.csproj", "{E5D9E9C1-9E6A-450A-8C61-19C00FD3A5DF}"
EndProject
Project("{2150E333-8FDC-42A3-9474-1A3956D46DE8}") = "Lib", "Lib", "{A5011800-CD1F-4253-AA11-F64A1FB6AA7A}"
	ProjectSection(SolutionItems) = preProject
		MvvmCrossUniversalTest\lib\Cirrious.CrossCore.dll = MvvmCrossUniversalTest\lib\Cirrious.CrossCore.dll
		MvvmCrossUniversalTest\lib\Cirrious.MvvmCross.dll = MvvmCrossUniversalTest\lib\Cirrious.MvvmCross.dll
		MvvmCrossUniversalTest\lib\Cirrious.MvvmCross.Localization.dll = MvvmCrossUniversalTest\lib\Cirrious.MvvmCross.Localization.dll
		MvvmCrossUniversalTest\lib\portable-win+net45+wp8+win8+wpa81+MonoTouch+MonoAndroid\Cirrious.MvvmCross.Plugins.Messenger.dll = MvvmCrossUniversalTest\lib\portable-win+net45+wp8+win8+wpa81+MonoTouch+MonoAndroid\Cirrious.MvvmCross.Plugins.Messenger.dll
		MvvmCrossUniversalTest\lib\Cirrious.MvvmCross.WindowsCommon.dll = MvvmCrossUniversalTest\lib\Cirrious.MvvmCross.WindowsCommon.dll
	EndProjectSection
EndProject
Project("{FAE04EC0-301F-11D3-BF4B-00C04F79EFBC}") = "MvvmCrossUniversalTest.Core", "MvvmCrossUniversalTest.Core\MvvmCrossUniversalTest.Core.csproj", "{4B213AF9-E5DD-4CEB-8DE8-83BA643D96C8}"
EndProject
Global
	GlobalSection(SharedMSBuildProjectFiles) = preSolution
		MvvmCrossUniversalTest\MvvmCrossUniversalTest.Shared\MvvmCrossUniversalTest.Shared.projitems*{257beb68-e4a3-4a79-b8da-7d0c21c0d710}*SharedItemsImports = 13
		MvvmCrossUniversalTest\MvvmCrossUniversalTest.Shared\MvvmCrossUniversalTest.Shared.projitems*{577a1cb6-9f47-4efc-84e7-f8f3da2009f8}*SharedItemsImports = 4
		MvvmCrossUniversalTest\MvvmCrossUniversalTest.Shared\MvvmCrossUniversalTest.Shared.projitems*{e5d9e9c1-9e6a-450a-8c61-19c00fd3a5df}*SharedItemsImports = 4
	EndGlobalSection
	GlobalSection(SolutionConfigurationPlatforms) = preSolution
		Debug|Any CPU = Debug|Any CPU
		Debug|ARM = Debug|ARM
		Debug|x64 = Debug|x64
		Debug|x86 = Debug|x86
		Release|Any CPU = Release|Any CPU
		Release|ARM = Release|ARM
		Release|x64 = Release|x64
		Release|x86 = Release|x86
	EndGlobalSection
	GlobalSection(ProjectConfigurationPlatforms) = postSolution
		{577A1CB6-9F47-4EFC-84E7-F8F3DA2009F8}.Debug|Any CPU.ActiveCfg = Debug|Any CPU
		{577A1CB6-9F47-4EFC-84E7-F8F3DA2009F8}.Debug|Any CPU.Build.0 = Debug|Any CPU
		{577A1CB6-9F47-4EFC-84E7-F8F3DA2009F8}.Debug|Any CPU.Deploy.0 = Debug|Any CPU
		{577A1CB6-9F47-4EFC-84E7-F8F3DA2009F8}.Debug|ARM.ActiveCfg = Debug|ARM
		{577A1CB6-9F47-4EFC-84E7-F8F3DA2009F8}.Debug|ARM.Build.0 = Debug|ARM
		{577A1CB6-9F47-4EFC-84E7-F8F3DA2009F8}.Debug|ARM.Deploy.0 = Debug|ARM
		{577A1CB6-9F47-4EFC-84E7-F8F3DA2009F8}.Debug|x64.ActiveCfg = Debug|x64
		{577A1CB6-9F47-4EFC-84E7-F8F3DA2009F8}.Debug|x64.Build.0 = Debug|x64
		{577A1CB6-9F47-4EFC-84E7-F8F3DA2009F8}.Debug|x64.Deploy.0 = Debug|x64
		{577A1CB6-9F47-4EFC-84E7-F8F3DA2009F8}.Debug|x86.ActiveCfg = Debug|x86
		{577A1CB6-9F47-4EFC-84E7-F8F3DA2009F8}.Debug|x86.Build.0 = Debug|x86
		{577A1CB6-9F47-4EFC-84E7-F8F3DA2009F8}.Debug|x86.Deploy.0 = Debug|x86
		{577A1CB6-9F47-4EFC-84E7-F8F3DA2009F8}.Release|Any CPU.ActiveCfg = Release|Any CPU
		{577A1CB6-9F47-4EFC-84E7-F8F3DA2009F8}.Release|Any CPU.Build.0 = Release|Any CPU
		{577A1CB6-9F47-4EFC-84E7-F8F3DA2009F8}.Release|Any CPU.Deploy.0 = Release|Any CPU
		{577A1CB6-9F47-4EFC-84E7-F8F3DA2009F8}.Release|ARM.ActiveCfg = Release|ARM
		{577A1CB6-9F47-4EFC-84E7-F8F3DA2009F8}.Release|ARM.Build.0 = Release|ARM
		{577A1CB6-9F47-4EFC-84E7-F8F3DA2009F8}.Release|ARM.Deploy.0 = Release|ARM
		{577A1CB6-9F47-4EFC-84E7-F8F3DA2009F8}.Release|x64.ActiveCfg = Release|x64
		{577A1CB6-9F47-4EFC-84E7-F8F3DA2009F8}.Release|x64.Build.0 = Release|x64
		{577A1CB6-9F47-4EFC-84E7-F8F3DA2009F8}.Release|x64.Deploy.0 = Release|x64
		{577A1CB6-9F47-4EFC-84E7-F8F3DA2009F8}.Release|x86.ActiveCfg = Release|x86
		{577A1CB6-9F47-4EFC-84E7-F8F3DA2009F8}.Release|x86.Build.0 = Release|x86
		{577A1CB6-9F47-4EFC-84E7-F8F3DA2009F8}.Release|x86.Deploy.0 = Release|x86
		{E5D9E9C1-9E6A-450A-8C61-19C00FD3A5DF}.Debug|Any CPU.ActiveCfg = Debug|Any CPU
		{E5D9E9C1-9E6A-450A-8C61-19C00FD3A5DF}.Debug|Any CPU.Build.0 = Debug|Any CPU
		{E5D9E9C1-9E6A-450A-8C61-19C00FD3A5DF}.Debug|Any CPU.Deploy.0 = Debug|Any CPU
		{E5D9E9C1-9E6A-450A-8C61-19C00FD3A5DF}.Debug|ARM.ActiveCfg = Debug|ARM
		{E5D9E9C1-9E6A-450A-8C61-19C00FD3A5DF}.Debug|ARM.Build.0 = Debug|ARM
		{E5D9E9C1-9E6A-450A-8C61-19C00FD3A5DF}.Debug|ARM.Deploy.0 = Debug|ARM
		{E5D9E9C1-9E6A-450A-8C61-19C00FD3A5DF}.Debug|x64.ActiveCfg = Debug|Any CPU
		{E5D9E9C1-9E6A-450A-8C61-19C00FD3A5DF}.Debug|x86.ActiveCfg = Debug|x86
		{E5D9E9C1-9E6A-450A-8C61-19C00FD3A5DF}.Debug|x86.Build.0 = Debug|x86
		{E5D9E9C1-9E6A-450A-8C61-19C00FD3A5DF}.Debug|x86.Deploy.0 = Debug|x86
		{E5D9E9C1-9E6A-450A-8C61-19C00FD3A5DF}.Release|Any CPU.ActiveCfg = Release|Any CPU
		{E5D9E9C1-9E6A-450A-8C61-19C00FD3A5DF}.Release|Any CPU.Build.0 = Release|Any CPU
		{E5D9E9C1-9E6A-450A-8C61-19C00FD3A5DF}.Release|Any CPU.Deploy.0 = Release|Any CPU
		{E5D9E9C1-9E6A-450A-8C61-19C00FD3A5DF}.Release|ARM.ActiveCfg = Release|ARM
		{E5D9E9C1-9E6A-450A-8C61-19C00FD3A5DF}.Release|ARM.Build.0 = Release|ARM
		{E5D9E9C1-9E6A-450A-8C61-19C00FD3A5DF}.Release|ARM.Deploy.0 = Release|ARM
		{E5D9E9C1-9E6A-450A-8C61-19C00FD3A5DF}.Release|x64.ActiveCfg = Release|Any CPU
		{E5D9E9C1-9E6A-450A-8C61-19C00FD3A5DF}.Release|x86.ActiveCfg = Release|x86
		{E5D9E9C1-9E6A-450A-8C61-19C00FD3A5DF}.Release|x86.Build.0 = Release|x86
		{E5D9E9C1-9E6A-450A-8C61-19C00FD3A5DF}.Release|x86.Deploy.0 = Release|x86
		{4B213AF9-E5DD-4CEB-8DE8-83BA643D96C8}.Debug|Any CPU.ActiveCfg = Debug|Any CPU
		{4B213AF9-E5DD-4CEB-8DE8-83BA643D96C8}.Debug|Any CPU.Build.0 = Debug|Any CPU
		{4B213AF9-E5DD-4CEB-8DE8-83BA643D96C8}.Debug|ARM.ActiveCfg = Debug|Any CPU
		{4B213AF9-E5DD-4CEB-8DE8-83BA643D96C8}.Debug|x64.ActiveCfg = Debug|Any CPU
		{4B213AF9-E5DD-4CEB-8DE8-83BA643D96C8}.Debug|x86.ActiveCfg = Debug|Any CPU
		{4B213AF9-E5DD-4CEB-8DE8-83BA643D96C8}.Release|Any CPU.ActiveCfg = Release|Any CPU
		{4B213AF9-E5DD-4CEB-8DE8-83BA643D96C8}.Release|Any CPU.Build.0 = Release|Any CPU
		{4B213AF9-E5DD-4CEB-8DE8-83BA643D96C8}.Release|ARM.ActiveCfg = Release|Any CPU
		{4B213AF9-E5DD-4CEB-8DE8-83BA643D96C8}.Release|x64.ActiveCfg = Release|Any CPU
		{4B213AF9-E5DD-4CEB-8DE8-83BA643D96C8}.Release|x86.ActiveCfg = Release|Any CPU
	EndGlobalSection
	GlobalSection(SolutionProperties) = preSolution
		HideSolutionNode = FALSE
	EndGlobalSection
	GlobalSection(NestedProjects) = preSolution
		{257BEB68-E4A3-4A79-B8DA-7D0C21C0D710} = {0FC4F974-EFB4-4A13-B9CD-37F646B54480}
		{577A1CB6-9F47-4EFC-84E7-F8F3DA2009F8} = {0FC4F974-EFB4-4A13-B9CD-37F646B54480}
		{E5D9E9C1-9E6A-450A-8C61-19C00FD3A5DF} = {0FC4F974-EFB4-4A13-B9CD-37F646B54480}
		{4B213AF9-E5DD-4CEB-8DE8-83BA643D96C8} = {0FC4F974-EFB4-4A13-B9CD-37F646B54480}
	EndGlobalSection
EndGlobal
